
Microsoft Visual Studio Solution File, Format Version 12.00
Project("{FAE04EC0-301F-11D3-BF4B-00C04F79EFBC}") = "Dnevnik.ApiGateway", "src\Dnevnik.ApiGateway\Dnevnik.ApiGateway.csproj", "{DC6A8B35-9A07-4B6C-A3DE-DC66057560D7}"
EndProject
Global
	GlobalSection(SolutionConfigurationPlatforms) = preSolution
		Debug|Any CPU = Debug|Any CPU
		Release|Any CPU = Release|Any CPU
	EndGlobalSection
	GlobalSection(ProjectConfigurationPlatforms) = postSolution
		{DC6A8B35-9A07-4B6C-A3DE-DC66057560D7}.Debug|Any CPU.ActiveCfg = Debug|Any CPU
		{DC6A8B35-9A07-4B6C-A3DE-DC66057560D7}.Debug|Any CPU.Build.0 = Debug|Any CPU
		{DC6A8B35-9A07-4B6C-A3DE-DC66057560D7}.Release|Any CPU.ActiveCfg = Release|Any CPU
		{DC6A8B35-9A07-4B6C-A3DE-DC66057560D7}.Release|Any CPU.Build.0 = Release|Any CPU
	EndGlobalSection
EndGlobal
